Microsoft Visual Studio Solution File, Format Version 12.00
# Visual Studio Version 17
VisualStudioVersion = 17.5.2.0
MinimumVisualStudioVersion = 10.0.40219.1
Project("{FAE04EC0-301F-11D3-BF4B-00C04F79EFBC}") = "Dominio", "Dominio.csproj", "{29E4D2A7-FA35-3361-EF2B-2F7AA31F1920}"
EndProject
Global
	GlobalSection(SolutionConfigurationPlatforms) = preSolution
		Debug|Any CPU = Debug|Any CPU
		Release|Any CPU = Release|Any CPU
	EndGlobalSection
	GlobalSection(ProjectConfigurationPlatforms) = postSolution
		{29E4D2A7-FA35-3361-EF2B-2F7AA31F1920}.Debug|Any CPU.ActiveCfg = Debug|Any CPU
		{29E4D2A7-FA35-3361-EF2B-2F7AA31F1920}.Debug|Any CPU.Build.0 = Debug|Any CPU
		{29E4D2A7-FA35-3361-EF2B-2F7AA31F1920}.Release|Any CPU.ActiveCfg = Release|Any CPU
		{29E4D2A7-FA35-3361-EF2B-2F7AA31F1920}.Release|Any CPU.Build.0 = Release|Any CPU
	EndGlobalSection
	GlobalSection(SolutionProperties) = preSolution
		HideSolutionNode = FALSE
	EndGlobalSection
	GlobalSection(ExtensibilityGlobals) = postSolution
		SolutionGuid = {1EDED309-45B0-4745-A41D-F8E4190D8AB0}
	EndGlobalSection
EndGlobal
